<?xml version="1.0"?>
<CONFIG>
  <ProjectOptions>
    <Version Value="9"/>
    <General>
      <MainUnit Value="0"/>
      <ResourceType Value="res"/>
      <UseXPManifest Value="True"/>
      <Icon Value="0"/>
      <ActiveWindowIndexAtStart Value="0"/>
    </General>
    <i18n>
      <EnableI18N LFM="False"/>
    </i18n>
    <VersionInfo>
      <StringTable ProductVersion=""/>
    </VersionInfo>
    <BuildModes Count="1" Active="Default">
      <Item1 Name="Default" Default="True"/>
    </BuildModes>
    <PublishOptions>
      <Version Value="2"/>
      <IncludeFileFilter Value="*.(pas|pp|inc|lfm|lpr|lrs|lpi|lpk|sh|xml)"/>
      <ExcludeFileFilter Value="*.(bak|ppu|o|so);*~;backup"/>
    </PublishOptions>
    <RunParams>
      <local>
        <FormatVersion Value="1"/>
        <LaunchingApplication PathPlusParams="/usr/bin/xterm -T 'Lazarus Run Output' -e $(LazarusDir)/tools/runwait.sh $(TargetCmdLine)"/>
      </local>
    </RunParams>
    <RequiredPackages Count="1">
      <Item1>
        <PackageName Value="LCL"/>
      </Item1>
    </RequiredPackages>
    <Units Count="5">
      <Unit0>
        <Filename Value="neuron.lpr"/>
        <IsPartOfProject Value="True"/>
        <UnitName Value="neuron"/>
        <UsageCount Value="55"/>
      </Unit0>
      <Unit1>
        <Filename Value="multinn.pas"/>
        <IsPartOfProject Value="True"/>
        <ComponentName Value="Form1"/>
        <ResourceBaseClass Value="Form"/>
        <UnitName Value="MultiNN"/>
        <IsVisibleTab Value="True"/>
        <EditorIndex Value="0"/>
        <WindowIndex Value="0"/>
        <TopLine Value="268"/>
        <CursorPos X="102" Y="254"/>
        <ComponentState Value="2"/>
        <UsageCount Value="55"/>
        <Loaded Value="True"/>
        <LoadedDesigner Value="True"/>
      </Unit1>
      <Unit2>
        <Filename Value="/usr/share/fpcsrc/2.4.4/rtl/objpas/classes/classesh.inc"/>
        <WindowIndex Value="0"/>
        <TopLine Value="1646"/>
        <CursorPos X="14" Y="1652"/>
        <UsageCount Value="9"/>
      </Unit2>
      <Unit3>
        <Filename Value="VectorU.pas"/>
        <UnitName Value="VectorU"/>
        <EditorIndex Value="1"/>
        <WindowIndex Value="0"/>
        <TopLine Value="1"/>
        <CursorPos X="1" Y="90"/>
        <UsageCount Value="11"/>
        <Loaded Value="True"/>
      </Unit3>
      <Unit4>
        <Filename Value="/usr/lib/lazarus/0.9.30/lcl/include/customcombobox.inc"/>
        <WindowIndex Value="0"/>
        <TopLine Value="906"/>
        <CursorPos X="1" Y="930"/>
        <UsageCount Value="10"/>
      </Unit4>
    </Units>
    <JumpHistory Count="25" HistoryIndex="24">
      <Position1>
        <Filename Value="multinn.pas"/>
        <Caret Line="174" Column="58" TopLine="154"/>
      </Position1>
      <Position2>
        <Filename Value="multinn.pas"/>
        <Caret Line="176" Column="12" TopLine="156"/>
      </Position2>
      <Position3>
        <Filename Value="multinn.pas"/>
        <Caret Line="50" Column="41" TopLine="30"/>
      </Position3>
      <Position4>
        <Filename Value="multinn.pas"/>
        <Caret Line="210" Column="48" TopLine="250"/>
      </Position4>
      <Position5>
        <Filename Value="multinn.pas"/>
        <Caret Line="65" Column="17" TopLine="46"/>
      </Position5>
      <Position6>
        <Filename Value="multinn.pas"/>
        <Caret Line="291" Column="30" TopLine="268"/>
      </Position6>
      <Position7>
        <Filename Value="multinn.pas"/>
        <Caret Line="243" Column="20" TopLine="201"/>
      </Position7>
      <Position8>
        <Filename Value="multinn.pas"/>
        <Caret Line="176" Column="1" TopLine="156"/>
      </Position8>
      <Position9>
        <Filename Value="multinn.pas"/>
        <Caret Line="213" Column="1" TopLine="193"/>
      </Position9>
      <Position10>
        <Filename Value="multinn.pas"/>
        <Caret Line="214" Column="1" TopLine="193"/>
      </Position10>
      <Position11>
        <Filename Value="multinn.pas"/>
        <Caret Line="216" Column="1" TopLine="193"/>
      </Position11>
      <Position12>
        <Filename Value="multinn.pas"/>
        <Caret Line="217" Column="1" TopLine="157"/>
      </Position12>
      <Position13>
        <Filename Value="multinn.pas"/>
        <Caret Line="176" Column="1" TopLine="157"/>
      </Position13>
      <Position14>
        <Filename Value="multinn.pas"/>
        <Caret Line="213" Column="1" TopLine="193"/>
      </Position14>
      <Position15>
        <Filename Value="multinn.pas"/>
        <Caret Line="176" Column="1" TopLine="156"/>
      </Position15>
      <Position16>
        <Filename Value="multinn.pas"/>
        <Caret Line="212" Column="77" TopLine="193"/>
      </Position16>
      <Position17>
        <Filename Value="multinn.pas"/>
        <Caret Line="219" Column="1" TopLine="193"/>
      </Position17>
      <Position18>
        <Filename Value="VectorU.pas"/>
        <Caret Line="88" Column="1" TopLine="62"/>
      </Position18>
      <Position19>
        <Filename Value="VectorU.pas"/>
        <Caret Line="89" Column="1" TopLine="62"/>
      </Position19>
      <Position20>
        <Filename Value="VectorU.pas"/>
        <Caret Line="90" Column="1" TopLine="62"/>
      </Position20>
      <Position21>
        <Filename Value="VectorU.pas"/>
        <Caret Line="88" Column="1" TopLine="62"/>
      </Position21>
      <Position22>
        <Filename Value="VectorU.pas"/>
        <Caret Line="89" Column="1" TopLine="62"/>
      </Position22>
      <Position23>
        <Filename Value="VectorU.pas"/>
        <Caret Line="90" Column="1" TopLine="62"/>
      </Position23>
      <Position24>
        <Filename Value="multinn.pas"/>
        <Caret Line="217" Column="1" TopLine="193"/>
      </Position24>
      <Position25>
        <Filename Value="multinn.pas"/>
        <Caret Line="222" Column="1" TopLine="193"/>
      </Position25>
    </JumpHistory>
  </ProjectOptions>
  <CompilerOptions>
    <Version Value="9"/>
    <Target>
      <Filename Value="neuron"/>
    </Target>
    <SearchPaths>
      <IncludeFiles Value="$(ProjOutDir)"/>
      <UnitOutputDirectory Value="lib/$(TargetCPU)-$(TargetOS)"/>
    </SearchPaths>
    <Linking>
      <Options>
        <Win32>
          <GraphicApplication Value="True"/>
        </Win32>
      </Options>
    </Linking>
    <Other>
      <CompilerPath Value="$(CompPath)"/>
    </Other>
  </CompilerOptions>
  <Debugging>
    <Exceptions Count="3">
      <Item1>
        <Name Value="EAbort"/>
      </Item1>
      <Item2>
        <Name Value="ECodetoolError"/>
      </Item2>
      <Item3>
        <Name Value="EFOpenError"/>
      </Item3>
    </Exceptions>
  </Debugging>
</CONFIG>
