<?xml version="1.0"?>
<CONFIG>
  <ProjectOptions>
    <Version Value="9"/>
    <General>
      <MainUnit Value="0"/>
      <ResourceType Value="res"/>
      <UseXPManifest Value="True"/>
      <Icon Value="0"/>
      <ActiveWindowIndexAtStart Value="0"/>
    </General>
    <i18n>
      <EnableI18N LFM="False"/>
    </i18n>
    <VersionInfo>
      <StringTable ProductVersion=""/>
    </VersionInfo>
    <BuildModes Count="1" Active="Default">
      <Item1 Name="Default" Default="True"/>
    </BuildModes>
    <PublishOptions>
      <Version Value="2"/>
      <IncludeFileFilter Value="*.(pas|pp|inc|lfm|lpr|lrs|lpi|lpk|sh|xml)"/>
      <ExcludeFileFilter Value="*.(bak|ppu|o|so);*~;backup"/>
    </PublishOptions>
    <RunParams>
      <local>
        <FormatVersion Value="1"/>
        <LaunchingApplication PathPlusParams="/usr/bin/xterm -T 'Lazarus Run Output' -e $(LazarusDir)/tools/runwait.sh $(TargetCmdLine)"/>
      </local>
    </RunParams>
    <RequiredPackages Count="1">
      <Item1>
        <PackageName Value="LCL"/>
      </Item1>
    </RequiredPackages>
    <Units Count="3">
      <Unit0>
        <Filename Value="neuron.lpr"/>
        <IsPartOfProject Value="True"/>
        <UnitName Value="neuron"/>
        <UsageCount Value="54"/>
      </Unit0>
      <Unit1>
        <Filename Value="multinn.pas"/>
        <IsPartOfProject Value="True"/>
        <ComponentName Value="Form1"/>
        <ResourceBaseClass Value="Form"/>
        <UnitName Value="MultiNN"/>
        <IsVisibleTab Value="True"/>
        <EditorIndex Value="0"/>
        <WindowIndex Value="0"/>
        <TopLine Value="49"/>
        <CursorPos X="60" Y="190"/>
        <ComponentState Value="2"/>
        <UsageCount Value="54"/>
        <Loaded Value="True"/>
        <LoadedDesigner Value="True"/>
      </Unit1>
      <Unit2>
        <Filename Value="/usr/share/fpcsrc/2.4.4/rtl/objpas/classes/classesh.inc"/>
        <WindowIndex Value="0"/>
        <TopLine Value="1646"/>
        <CursorPos X="14" Y="1652"/>
        <UsageCount Value="10"/>
      </Unit2>
    </Units>
    <JumpHistory Count="30" HistoryIndex="29">
      <Position1>
        <Filename Value="multinn.pas"/>
        <Caret Line="122" Column="6" TopLine="102"/>
      </Position1>
      <Position2>
        <Filename Value="multinn.pas"/>
        <Caret Line="113" Column="6" TopLine="102"/>
      </Position2>
      <Position3>
        <Filename Value="multinn.pas"/>
        <Caret Line="84" Column="19" TopLine="64"/>
      </Position3>
      <Position4>
        <Filename Value="multinn.pas"/>
        <Caret Line="83" Column="18" TopLine="64"/>
      </Position4>
      <Position5>
        <Filename Value="multinn.pas"/>
        <Caret Line="81" Column="15" TopLine="64"/>
      </Position5>
      <Position6>
        <Filename Value="multinn.pas"/>
        <Caret Line="46" Column="5" TopLine="26"/>
      </Position6>
      <Position7>
        <Filename Value="multinn.pas"/>
        <Caret Line="44" Column="18" TopLine="26"/>
      </Position7>
      <Position8>
        <Filename Value="multinn.pas"/>
        <Caret Line="46" Column="18" TopLine="26"/>
      </Position8>
      <Position9>
        <Filename Value="multinn.pas"/>
        <Caret Line="81" Column="28" TopLine="49"/>
      </Position9>
      <Position10>
        <Filename Value="multinn.pas"/>
        <Caret Line="83" Column="31" TopLine="51"/>
      </Position10>
      <Position11>
        <Filename Value="multinn.pas"/>
        <Caret Line="84" Column="32" TopLine="52"/>
      </Position11>
      <Position12>
        <Filename Value="multinn.pas"/>
        <Caret Line="113" Column="19" TopLine="81"/>
      </Position12>
      <Position13>
        <Filename Value="multinn.pas"/>
        <Caret Line="122" Column="19" TopLine="90"/>
      </Position13>
      <Position14>
        <Filename Value="multinn.pas"/>
        <Caret Line="165" Column="58" TopLine="145"/>
      </Position14>
      <Position15>
        <Filename Value="multinn.pas"/>
        <Caret Line="174" Column="42" TopLine="146"/>
      </Position15>
      <Position16>
        <Filename Value="multinn.pas"/>
        <Caret Line="165" Column="58" TopLine="145"/>
      </Position16>
      <Position17>
        <Filename Value="multinn.pas"/>
        <Caret Line="106" Column="3" TopLine="80"/>
      </Position17>
      <Position18>
        <Filename Value="multinn.pas"/>
        <Caret Line="169" Column="58" TopLine="264"/>
      </Position18>
      <Position19>
        <Filename Value="multinn.pas"/>
        <Caret Line="160" Column="64" TopLine="149"/>
      </Position19>
      <Position20>
        <Filename Value="multinn.pas"/>
        <Caret Line="171" Column="36" TopLine="151"/>
      </Position20>
      <Position21>
        <Filename Value="multinn.pas"/>
        <Caret Line="172" Column="57" TopLine="152"/>
      </Position21>
      <Position22>
        <Filename Value="multinn.pas"/>
        <Caret Line="171" Column="36" TopLine="151"/>
      </Position22>
      <Position23>
        <Filename Value="multinn.pas"/>
        <Caret Line="172" Column="53" TopLine="152"/>
      </Position23>
      <Position24>
        <Filename Value="multinn.pas"/>
        <Caret Line="171" Column="36" TopLine="151"/>
      </Position24>
      <Position25>
        <Filename Value="multinn.pas"/>
        <Caret Line="170" Column="54" TopLine="151"/>
      </Position25>
      <Position26>
        <Filename Value="multinn.pas"/>
        <Caret Line="106" Column="41" TopLine="85"/>
      </Position26>
      <Position27>
        <Filename Value="multinn.pas"/>
        <Caret Line="170" Column="21" TopLine="150"/>
      </Position27>
      <Position28>
        <Filename Value="multinn.pas"/>
        <Caret Line="9" Column="15" TopLine="1"/>
      </Position28>
      <Position29>
        <Filename Value="multinn.pas"/>
        <Caret Line="173" Column="14" TopLine="145"/>
      </Position29>
      <Position30>
        <Filename Value="multinn.pas"/>
        <Caret Line="174" Column="58" TopLine="152"/>
      </Position30>
    </JumpHistory>
  </ProjectOptions>
  <CompilerOptions>
    <Version Value="9"/>
    <Target>
      <Filename Value="neuron"/>
    </Target>
    <SearchPaths>
      <IncludeFiles Value="$(ProjOutDir)"/>
      <UnitOutputDirectory Value="lib/$(TargetCPU)-$(TargetOS)"/>
    </SearchPaths>
    <Linking>
      <Options>
        <Win32>
          <GraphicApplication Value="True"/>
        </Win32>
      </Options>
    </Linking>
    <Other>
      <CompilerPath Value="$(CompPath)"/>
    </Other>
  </CompilerOptions>
  <Debugging>
    <Exceptions Count="3">
      <Item1>
        <Name Value="EAbort"/>
      </Item1>
      <Item2>
        <Name Value="ECodetoolError"/>
      </Item2>
      <Item3>
        <Name Value="EFOpenError"/>
      </Item3>
    </Exceptions>
  </Debugging>
</CONFIG>
